github.com/FlowingSPDG/streamdeck v0.0.0-20221216130808-df1199768e06 h1:1Rc8NBLDek11I9Pb2GBtoBrzIqcm3eHr1p+8/O7Yd5c=
github.com/FlowingSPDG/streamdeck v0.0.0-20221216130808-df1199768e06/go.mod h1:/3QMNCoMlb25Lcc2GIoFEzijCcvggilMxTDk7EiuQps=
github.com/FlowingSPDG/vmix-go v0.2.4-0.20240520135800-bca4ae2ed214 h1:N9qKUrekOJH+ymds4cSl5bvmz1MAC7uwZ2iknz3v6zc=
github.com/FlowingSPDG/vmix-go v0.2.4-0.20240520135800-bca4ae2ed214/go.mod h1:7wd7yCZyLzNyJ8sfwGYTHRYPDdQNUeaKkre9SDk2g6c=
github.com/FlowingSPDG/vmix-go v0.2.4-0.20240521085202-bfebfc263e0d h1:qas7lYNIeyDEkGDhFjuL7Py4kZLogwegVe+IXlYvAMw=
github.com/FlowingSPDG/vmix-go v0.2.4-0.20240521085202-bfebfc263e0d/go.mod h1:8+krqFGCf0H54OZsBnVifBN6nqbvX6HZfJOtmquX//M=
github.com/c-bata/go-prompt v0.2.3/go.mod h1:VzqtzE2ksDBcdln8G7mk2RX9QyGjH+OVqOCSiVIqS34=
github.com/gorilla/websocket v1.5.0 h1:PPwGk2jz7EePpoHN/+ClbZu8SPxiqlu12wZP/3sWmnc=
github.com/gorilla/websocket v1.5.0/go.mod h1:YR8l580nyteQvAITg2hZ9XVh4b55+EU/adAjf1fMHhE=
github.com/mattn/go-colorable v0.1.4/go.mod h1:U0ppj6V5qS13XJ6of8GYAs25YV2eR4EVcfRqFIhoBtE=
github.com/mattn/go-colorable v0.1.7/go.mod h1:u6P/XSegPjTcexA+o6vUJrdnUu04hMope9wVRipJSqc=
github.com/mattn/go-isatty v0.0.8/go.mod h1:Iq45c/XA43vh69/j3iqttzPXn0bhXyGjM0Hdxcsrc5s=
github.com/mattn/go-isatty v0.0.10/go.mod h1:qgIWMr58cqv1PHHyhnkY9lrL7etaEgOFcMEpPG5Rm84=
github.com/mattn/go-isatty v0.0.12/go.mod h1:cbi8OIDigv2wuxKPP5vlRcQ1OAZbq2CE4Kysco4FUpU=
github.com/mattn/go-runewidth v0.0.6/go.mod h1:H031xJmbD/WCDINGzjvQ9THkh0rPKHF+m2gUSrubnMI=
github.com/mattn/go-runewidth v0.0.9/go.mod h1:H031xJmbD/WCDINGzjvQ9THkh0rPKHF+m2gUSrubnMI=
github.com/mattn/go-tty v0.0.3/go.mod h1:ihxohKRERHTVzN+aSVRwACLCeqIoZAWpoICkkvrWyR0=
github.com/pkg/term v0.0.0-20200520122047-c3ffed290a03/go.mod h1:Z9+Ul5bCbBKnbCvdOWbLqTHhJiYV414CURZJba6L8qA=
github.com/puzpuzpuz/xsync/v3 v3.1.0 h1:EewKT7/LNac5SLiEblJeUu8z5eERHrmRLnMQL2d7qX4=
github.com/puzpuzpuz/xsync/v3 v3.1.0/go.mod h1:VjzYrABPabuM4KyBh1Ftq6u8nhwY5tBPKP9jpmh0nnA=
golang.org/x/sync v0.0.0-20190911185100-cd5d95a43a6e/go.mod h1:RxMgew5VJxzue5/jJTE5uejpjVlOe/izrB70Jof72aM=
golang.org/x/sync v0.1.0 h1:wsuoTGHzEhffawBOhz5CYhcrV4IdKZbEyZjBMuTp12o=
golang.org/x/sync v0.1.0/go.mod h1:RxMgew5VJxzue5/jJTE5uejpjVlOe/izrB70Jof72aM=
golang.org/x/sys v0.0.0-20190222072716-a9d3bda3a223/go.mod h1:STP8DvDyc/dI5b8T5hshtkjS+E42TnysNCUPdjciGhY=
golang.org/x/sys v0.0.0-20191008105621-543471e840be/go.mod h1:h1NjWce9XRLGQEsW7wpKNCjG9DtNlClVuFLEZdDNbEs=
golang.org/x/sys v0.0.0-20191120155948-bd437916bb0e/go.mod h1:h1NjWce9XRLGQEsW7wpKNCjG9DtNlClVuFLEZdDNbEs=
golang.org/x/sys v0.0.0-20200116001909-b77594299b42/go.mod h1:h1NjWce9XRLGQEsW7wpKNCjG9DtNlClVuFLEZdDNbEs=
golang.org/x/sys v0.0.0-20200223170610-d5e6a3e2c0ae/go.mod h1:h1NjWce9XRLGQEsW7wpKNCjG9DtNlClVuFLEZdDNbEs=
